// !$*UTF8*$!
{
	archiveVersion = 1;
	classes = {
	};
	objectVersion = 51;
	objects = {

/* Begin PBXBuildFile section */
		5854E1F12388FB810009CA98 /* CommentTableViewCell.swift in Sources */ = {isa = PBXBuildFile; fileRef = 5854E1F02388FB810009CA98 /* CommentTableViewCell.swift */; };
		58CA233C237F6CE300CA49A0 /* AppDelegate.swift in Sources */ = {isa = PBXBuildFile; fileRef = 58CA233B237F6CE300CA49A0 /* AppDelegate.swift */; };
		58CA233E237F6CE300CA49A0 /* SceneDelegate.swift in Sources */ = {isa = PBXBuildFile; fileRef = 58CA233D237F6CE300CA49A0 /* SceneDelegate.swift */; };
		58CA2343237F6CE300CA49A0 /* Main.storyboard in Resources */ = {isa = PBXBuildFile; fileRef = 58CA2341237F6CE300CA49A0 /* Main.storyboard */; };
		58CA2345237F6CE400CA49A0 /* Assets.xcassets in Resources */ = {isa = PBXBuildFile; fileRef = 58CA2344237F6CE400CA49A0 /* Assets.xcassets */; };
		58CA2348237F6CE400CA49A0 /* LaunchScreen.storyboard in Resources */ = {isa = PBXBuildFile; fileRef = 58CA2346237F6CE400CA49A0 /* LaunchScreen.storyboard */; };
		58CA2353237F855F00CA49A0 /* LoginViewController.swift in Sources */ = {isa = PBXBuildFile; fileRef = 58CA2352237F855F00CA49A0 /* LoginViewController.swift */; };
		58CA2355237F857800CA49A0 /* FeedViewController.swift in Sources */ = {isa = PBXBuildFile; fileRef = 58CA2354237F857800CA49A0 /* FeedViewController.swift */; };
		58CA2357237F903B00CA49A0 /* CamaraViewController.swift in Sources */ = {isa = PBXBuildFile; fileRef = 58CA2356237F903B00CA49A0 /* CamaraViewController.swift */; };
		58CA2359237F9FEC00CA49A0 /* PostTableViewCell.swift in Sources */ = {isa = PBXBuildFile; fileRef = 58CA2358237F9FEC00CA49A0 /* PostTableViewCell.swift */; };
		87357B0AD9A24F243C9BA1DB /* Pods_Parstagram.framework in Frameworks */ = {isa = PBXBuildFile; fileRef = C725FC2E4F6F7937A2EA871F /* Pods_Parstagram.framework */; };
/* End PBXBuildFile section */

/* Begin PBXFileReference section */
		5854E1F02388FB810009CA98 /* CommentTableViewCell.swift */ = {isa = PBXFileReference; lastKnownFileType = sourcecode.swift; path = CommentTableViewCell.swift; sourceTree = "<group>"; };
		58CA2338237F6CE300CA49A0 /* Parstagram.app */ = {isa = PBXFileReference; explicitFileType = wrapper.application; includeInIndex = 0; path = Parstagram.app; sourceTree = BUILT_PRODUCTS_DIR; };
		58CA233B237F6CE300CA49A0 /* AppDelegate.swift */ = {isa = PBXFileReference; lastKnownFileType = sourcecode.swift; path = AppDelegate.swift; sourceTree = "<group>"; };
		58CA233D237F6CE300CA49A0 /* SceneDelegate.swift */ = {isa = PBXFileReference; lastKnownFileType = sourcecode.swift; path = SceneDelegate.swift; sourceTree = "<group>"; };
		58CA2342237F6CE300CA49A0 /* Base */ = {isa = PBXFileReference; lastKnownFileType = file.storyboard; name = Base; path = Base.lproj/Main.storyboard; sourceTree = "<group>"; };
		58CA2344237F6CE400CA49A0 /* Assets.xcassets */ = {isa = PBXFileReference; lastKnownFileType = folder.assetcatalog; path = Assets.xcassets; sourceTree = "<group>"; };
		58CA2347237F6CE400CA49A0 /* Base */ = {isa = PBXFileReference; lastKnownFileType = file.storyboard; name = Base; path = Base.lproj/LaunchScreen.storyboard; sourceTree = "<group>"; };
		58CA2349237F6CE400CA49A0 /* Info.plist */ = {isa = PBXFileReference; lastKnownFileType = text.plist.xml; path = Info.plist; sourceTree = "<group>"; };
		58CA2352237F855F00CA49A0 /* LoginViewController.swift */ = {isa = PBXFileReference; lastKnownFileType = sourcecode.swift; path = LoginViewController.swift; sourceTree = "<group>"; };
		58CA2354237F857800CA49A0 /* FeedViewController.swift */ = {isa = PBXFileReference; lastKnownFileType = sourcecode.swift; path = FeedViewController.swift; sourceTree = "<group>"; };
		58CA2356237F903B00CA49A0 /* CamaraViewController.swift */ = {isa = PBXFileReference; lastKnownFileType = sourcecode.swift; path = CamaraViewController.swift; sourceTree = "<group>"; };
		58CA2358237F9FEC00CA49A0 /* PostTableViewCell.swift */ = {isa = PBXFileReference; lastKnownFileType = sourcecode.swift; path = PostTableViewCell.swift; sourceTree = "<group>"; };
		C725FC2E4F6F7937A2EA871F /* Pods_Parstagram.framework */ = {isa = PBXFileReference; explicitFileType = wrapper.framework; includeInIndex = 0; path = Pods_Parstagram.framework; sourceTree = BUILT_PRODUCTS_DIR; };
		DB34DFB9F2CA6E491E00158E /* Pods-Parstagram.debug.xcconfig */ = {isa = PBXFileReference; includeInIndex = 1; lastKnownFileType = text.xcconfig; name = "Pods-Parstagram.debug.xcconfig"; path = "Target Support Files/Pods-Parstagram/Pods-Parstagram.debug.xcconfig"; sourceTree = "<group>"; };
		E6D5632368D41783F70E9CA8 /* Pods-Parstagram.release.xcconfig */ = {isa = PBXFileReference; includeInIndex = 1; lastKnownFileType = text.xcconfig; name = "Pods-Parstagram.release.xcconfig"; path = "Target Support Files/Pods-Parstagram/Pods-Parstagram.release.xcconfig"; sourceTree = "<group>"; };
/* End PBXFileReference section */

/* Begin PBXFrameworksBuildPhase section */
		58CA2335237F6CE300CA49A0 /* Frameworks */ = {
			isa = PBXFrameworksBuildPhase;
			buildActionMask = 2147483647;
			files = (
				87357B0AD9A24F243C9BA1DB /* Pods_Parstagram.framework in Frameworks */,
			);
			runOnlyForDeploymentPostprocessing = 0;
		};
/* End PBXFrameworksBuildPhase section */

/* Begin PBXGroup section */
		58CA232F237F6CE300CA49A0 = {
			isa = PBXGroup;
			children = (
				58CA233A237F6CE300CA49A0 /* Parstagram */,
				58CA2339237F6CE300CA49A0 /* Products */,
				F3ECAFE5433E27B2A729112C /* Pods */,
				9835D4709ED4EEE00A0ACB0F /* Frameworks */,
			);
			sourceTree = "<group>";
		};
		58CA2339237F6CE300CA49A0 /* Products */ = {
			isa = PBXGroup;
			children = (
				58CA2338237F6CE300CA49A0 /* Parstagram.app */,
			);
			name = Products;
			sourceTree = "<group>";
		};
		58CA233A237F6CE300CA49A0 /* Parstagram */ = {
			isa = PBXGroup;
			children = (
				58CA2351237F852B00CA49A0 /* View */,
				58CA2350237F852200CA49A0 /* Modal */,
				58CA234F237F851600CA49A0 /* Controller */,
				58CA233B237F6CE300CA49A0 /* AppDelegate.swift */,
				58CA233D237F6CE300CA49A0 /* SceneDelegate.swift */,
				58CA2341237F6CE300CA49A0 /* Main.storyboard */,
				58CA2344237F6CE400CA49A0 /* Assets.xcassets */,
				58CA2346237F6CE400CA49A0 /* LaunchScreen.storyboard */,
				58CA2349237F6CE400CA49A0 /* Info.plist */,
			);
			path = Parstagram;
			sourceTree = "<group>";
		};
		58CA234F237F851600CA49A0 /* Controller */ = {
			isa = PBXGroup;
			children = (
				58CA2352237F855F00CA49A0 /* LoginViewController.swift */,
				58CA2354237F857800CA49A0 /* FeedViewController.swift */,
				58CA2356237F903B00CA49A0 /* CamaraViewController.swift */,
			);
			path = Controller;
			sourceTree = "<group>";
		};
		58CA2350237F852200CA49A0 /* Modal */ = {
			isa = PBXGroup;
			children = (
			);
			path = Modal;
			sourceTree = "<group>";
		};
		58CA2351237F852B00CA49A0 /* View */ = {
			isa = PBXGroup;
			children = (
				58CA2358237F9FEC00CA49A0 /* PostTableViewCell.swift */,
				5854E1F02388FB810009CA98 /* CommentTableViewCell.swift */,
			);
			path = View;
			sourceTree = "<group>";
		};
		9835D4709ED4EEE00A0ACB0F /* Frameworks */ = {
			isa = PBXGroup;
			children = (
				C725FC2E4F6F7937A2EA871F /* Pods_Parstagram.framework */,
			);
			name = Frameworks;
			sourceTree = "<group>";
		};
		F3ECAFE5433E27B2A729112C /* Pods */ = {
			isa = PBXGroup;
			children = (
				DB34DFB9F2CA6E491E00158E /* Pods-Parstagram.debug.xcconfig */,
				E6D5632368D41783F70E9CA8 /* Pods-Parstagram.release.xcconfig */,
			);
			path = Pods;
			sourceTree = "<group>";
		};
/* End PBXGroup section */

/* Begin PBXNativeTarget section */
		58CA2337237F6CE300CA49A0 /* Parstagram */ = {
			isa = PBXNativeTarget;
			buildConfigurationList = 58CA234C237F6CE400CA49A0 /* Build configuration list for PBXNativeTarget "Parstagram" */;
			buildPhases = (
				57528DFA13EC4E701165597E /* [CP] Check Pods Manifest.lock */,
				58CA2334237F6CE300CA49A0 /* Sources */,
				58CA2335237F6CE300CA49A0 /* Frameworks */,
				58CA2336237F6CE300CA49A0 /* Resources */,
				13129AE861ED590170C1E5BF /* [CP] Embed Pods Frameworks */,
			);
			buildRules = (
			);
			dependencies = (
			);
			name = Parstagram;
			productName = Parstagram;
			productReference = 58CA2338237F6CE300CA49A0 /* Parstagram.app */;
			productType = "com.apple.product-type.application";
		};
/* End PBXNativeTarget section */

/* Begin PBXProject section */
		58CA2330237F6CE300CA49A0 /* Project object */ = {
			isa = PBXProject;
			attributes = {
				LastSwiftUpdateCheck = 1120;
				LastUpgradeCheck = 1120;
				ORGANIZATIONNAME = Capi;
				TargetAttributes = {
					58CA2337237F6CE300CA49A0 = {
						CreatedOnToolsVersion = 11.2;
					};
				};
			};
			buildConfigurationList = 58CA2333237F6CE300CA49A0 /* Build configuration list for PBXProject "Parstagram" */;
			compatibilityVersion = "Xcode 9.3";
			developmentRegion = en;
			hasScannedForEncodings = 0;
			knownRegions = (
				en,
				Base,
			);
			mainGroup = 58CA232F237F6CE300CA49A0;
			productRefGroup = 58CA2339237F6CE300CA49A0 /* Products */;
			projectDirPath = "";
			projectRoot = "";
			targets = (
				58CA2337237F6CE300CA49A0 /* Parstagram */,
			);
		};
/* End PBXProject section */

/* Begin PBXResourcesBuildPhase section */
		58CA2336237F6CE300CA49A0 /* Resources */ = {
			isa = PBXResourcesBuildPhase;
			buildActionMask = 2147483647;
			files = (
				58CA2348237F6CE400CA49A0 /* LaunchScreen.storyboard in Resources */,
				58CA2345237F6CE400CA49A0 /* Assets.xcassets in Resources */,
				58CA2343237F6CE300CA49A0 /* Main.storyboard in Resources */,
			);
			runOnlyForDeploymentPostprocessing = 0;
		};
/* End PBXResourcesBuildPhase section */

/* Begin PBXShellScriptBuildPhase section */
		13129AE861ED590170C1E5BF /* [CP] Embed Pods Frameworks */ = {
			isa = PBXShellScriptBuildPhase;
			buildActionMask = 2147483647;
			files = (
			);
			inputFileListPaths = (
				"${PODS_ROOT}/Target Support Files/Pods-Parstagram/Pods-Parstagram-frameworks-${CONFIGURATION}-input-files.xcfilelist",
			);
			name = "[CP] Embed Pods Frameworks";
			outputFileListPaths = (
				"${PODS_ROOT}/Target Support Files/Pods-Parstagram/Pods-Parstagram-frameworks-${CONFIGURATION}-output-files.xcfilelist",
			);
			runOnlyForDeploymentPostprocessing = 0;
			shellPath = /bin/sh;
			shellScript = "\"${PODS_ROOT}/Target Support Files/Pods-Parstagram/Pods-Parstagram-frameworks.sh\"\n";
			showEnvVarsInLog = 0;
		};
		57528DFA13EC4E701165597E /* [CP] Check Pods Manifest.lock */ = {
			isa = PBXShellScriptBuildPhase;
			buildActionMask = 2147483647;
			files = (
			);
			inputFileListPaths = (
			);
			inputPaths = (
				"${PODS_PODFILE_DIR_PATH}/Podfile.lock",
				"${PODS_ROOT}/Manifest.lock",
			);
			name = "[CP] Check Pods Manifest.lock";
			outputFileListPaths = (
			);
			outputPaths = (
				"$(DERIVED_FILE_DIR)/Pods-Parstagram-checkManifestLockResult.txt",
			);
			runOnlyForDeploymentPostprocessing = 0;
			shellPath = /bin/sh;
			shellScript = "diff \"${PODS_PODFILE_DIR_PATH}/Podfile.lock\" \"${PODS_ROOT}/Manifest.lock\" > /dev/null\nif [ $? != 0 ] ; then\n    # print error to STDERR\n    echo \"error: The sandbox is not in sync with the Podfile.lock. Run 'pod install' or update your CocoaPods installation.\" >&2\n    exit 1\nfi\n# This output is used by Xcode 'outputs' to avoid re-running this script phase.\necho \"SUCCESS\" > \"${SCRIPT_OUTPUT_FILE_0}\"\n";
			showEnvVarsInLog = 0;
		};
/* End PBXShellScriptBuildPhase section */

/* Begin PBXSourcesBuildPhase section */
		58CA2334237F6CE300CA49A0 /* Sources */ = {
			isa = PBXSourcesBuildPhase;
			buildActionMask = 2147483647;
			files = (
				58CA2357237F903B00CA49A0 /* CamaraViewController.swift in Sources */,
				58CA2353237F855F00CA49A0 /* LoginViewController.swift in Sources */,
				58CA233C237F6CE300CA49A0 /* AppDelegate.swift in Sources */,
				58CA2355237F857800CA49A0 /* FeedViewController.swift in Sources */,
				5854E1F12388FB810009CA98 /* CommentTableViewCell.swift in Sources */,
				58CA233E237F6CE300CA49A0 /* SceneDelegate.swift in Sources */,
				58CA2359237F9FEC00CA49A0 /* PostTableViewCell.swift in Sources */,
			);
			runOnlyForDeploymentPostprocessing = 0;
		};
/* End PBXSourcesBuildPhase section */

/* Begin PBXVariantGroup section */
		58CA2341237F6CE300CA49A0 /* Main.storyboard */ = {
			isa = PBXVariantGroup;
			children = (
				58CA2342237F6CE300CA49A0 /* Base */,
			);
			name = Main.storyboard;
			sourceTree = "<group>";
		};
		58CA2346237F6CE400CA49A0 /* LaunchScreen.storyboard */ = {
			isa = PBXVariantGroup;
			children = (
				58CA2347237F6CE400CA49A0 /* Base */,
			);
			name = LaunchScreen.storyboard;
			sourceTree = "<group>";
		};
/* End PBXVariantGroup section */

/* Begin XCBuildConfiguration section */
		58CA234A237F6CE400CA49A0 /* Debug */ = {
			isa = XCBuildConfiguration;
			buildSettings = {
				ALWAYS_SEARCH_USER_PATHS = NO;
				CLANG_ANALYZER_NONNULL = YES;
				CLANG_ANALYZER_NUMBER_OBJECT_CONVERSION = YES_AGGRESSIVE;
				CLANG_CXX_LANGUAGE_STANDARD = "gnu++14";
				CLANG_CXX_LIBRARY = "libc++";
				CLANG_ENABLE_MODULES = YES;
				CLANG_ENABLE_OBJC_ARC = YES;
				CLANG_ENABLE_OBJC_WEAK = YES;
				CLANG_WARN_BLOCK_CAPTURE_AUTORELEASING = YES;
				CLANG_WARN_BOOL_CONVERSION = YES;
				CLANG_WARN_COMMA = YES;
				CLANG_WARN_CONSTANT_CONVERSION = YES;
				CLANG_WARN_DEPRECATED_OBJC_IMPLEMENTATIONS = YES;
				CLANG_WARN_DIRECT_OBJC_ISA_USAGE = YES_ERROR;
				CLANG_WARN_DOCUMENTATION_COMMENTS = YES;
				CLANG_WARN_EMPTY_BODY = YES;
				CLANG_WARN_ENUM_CONVERSION = YES;
				CLANG_WARN_INFINITE_RECURSION = YES;
				CLANG_WARN_INT_CONVERSION = YES;
				CLANG_WARN_NON_LITERAL_NULL_CONVERSION = YES;
				CLANG_WARN_OBJC_IMPLICIT_RETAIN_SELF = YES;
				CLANG_WARN_OBJC_LITERAL_CONVERSION = YES;
				CLANG_WARN_OBJC_ROOT_CLASS = YES_ERROR;
				CLANG_WARN_RANGE_LOOP_ANALYSIS = YES;
				CLANG_WARN_STRICT_PROTOTYPES = YES;
				CLANG_WARN_SUSPICIOUS_MOVE = YES;
				CLANG_WARN_UNGUARDED_AVAILABILITY = YES_AGGRESSIVE;
				CLANG_WARN_UNREACHABLE_CODE = YES;
				CLANG_WARN__DUPLICATE_METHOD_MATCH = YES;
				COPY_PHASE_STRIP = NO;
				DEBUG_INFORMATION_FORMAT = dwarf;
				ENABLE_STRICT_OBJC_MSGSEND = YES;
				ENABLE_TESTABILITY = YES;
				GCC_C_LANGUAGE_STANDARD = gnu11;
				GCC_DYNAMIC_NO_PIC = NO;
				GCC_NO_COMMON_BLOCKS = YES;
				GCC_OPTIMIZATION_LEVEL = 0;
				GCC_PREPROCESSOR_DEFINITIONS = (
					"DEBUG=1",
					"$(inherited)",
				);
				GCC_WARN_64_TO_32_BIT_CONVERSION = YES;
				GCC_WARN_ABOUT_RETURN_TYPE = YES_ERROR;
				GCC_WARN_UNDECLARED_SELECTOR = YES;
				GCC_WARN_UNINITIALIZED_AUTOS = YES_AGGRESSIVE;
				GCC_WARN_UNUSED_FUNCTION = YES;
				GCC_WARN_UNUSED_VARIABLE = YES;
				IPHONEOS_DEPLOYMENT_TARGET = 13.2;
				MTL_ENABLE_DEBUG_INFO = INCLUDE_SOURCE;
				MTL_FAST_MATH = YES;
				ONLY_ACTIVE_ARCH = YES;
				SDKROOT = iphoneos;
				SWIFT_ACTIVE_COMPILATION_CONDITIONS = DEBUG;
				SWIFT_OPTIMIZATION_LEVEL = "-Onone";
			};
			name = Debug;
		};
		58CA234B237F6CE400CA49A0 /* Release */ = {
			isa = XCBuildConfiguration;
			buildSettings = {
				ALWAYS_SEARCH_USER_PATHS = NO;
				CLANG_ANALYZER_NONNULL = YES;
				CLANG_ANALYZER_NUMBER_OBJECT_CONVERSION = YES_AGGRESSIVE;
				CLANG_CXX_LANGUAGE_STANDARD = "gnu++14";
				CLANG_CXX_LIBRARY = "libc++";
				CLANG_ENABLE_MODULES = YES;
				CLANG_ENABLE_OBJC_ARC = YES;
				CLANG_ENABLE_OBJC_WEAK = YES;
				CLANG_WARN_BLOCK_CAPTURE_AUTORELEASING = YES;
				CLANG_WARN_BOOL_CONVERSION = YES;
				CLANG_WARN_COMMA = YES;
				CLANG_WARN_CONSTANT_CONVERSION = YES;
				CLANG_WARN_DEPRECATED_OBJC_IMPLEMENTATIONS = YES;
				CLANG_WARN_DIRECT_OBJC_ISA_USAGE = YES_ERROR;
				CLANG_WARN_DOCUMENTATION_COMMENTS = YES;
				CLANG_WARN_EMPTY_BODY = YES;
				CLANG_WARN_ENUM_CONVERSION = YES;
				CLANG_WARN_INFINITE_RECURSION = YES;
				CLANG_WARN_INT_CONVERSION = YES;
				CLANG_WARN_NON_LITERAL_NULL_CONVERSION = YES;
				CLANG_WARN_OBJC_IMPLICIT_RETAIN_SELF = YES;
				CLANG_WARN_OBJC_LITERAL_CONVERSION = YES;
				CLANG_WARN_OBJC_ROOT_CLASS = YES_ERROR;
				CLANG_WARN_RANGE_LOOP_ANALYSIS = YES;
				CLANG_WARN_STRICT_PROTOTYPES = YES;
				CLANG_WARN_SUSPICIOUS_MOVE = YES;
				CLANG_WARN_UNGUARDED_AVAILABILITY = YES_AGGRESSIVE;
				CLANG_WARN_UNREACHABLE_CODE = YES;
				CLANG_WARN__DUPLICATE_METHOD_MATCH = YES;
				COPY_PHASE_STRIP = NO;
				DEBUG_INFORMATION_FORMAT = "dwarf-with-dsym";
				ENABLE_NS_ASSERTIONS = NO;
				ENABLE_STRICT_OBJC_MSGSEND = YES;
				GCC_C_LANGUAGE_STANDARD = gnu11;
				GCC_NO_COMMON_BLOCKS = YES;
				GCC_WARN_64_TO_32_BIT_CONVERSION = YES;
				GCC_WARN_ABOUT_RETURN_TYPE = YES_ERROR;
				GCC_WARN_UNDECLARED_SELECTOR = YES;
				GCC_WARN_UNINITIALIZED_AUTOS = YES_AGGRESSIVE;
				GCC_WARN_UNUSED_FUNCTION = YES;
				GCC_WARN_UNUSED_VARIABLE = YES;
				IPHONEOS_DEPLOYMENT_TARGET = 13.2;
				MTL_ENABLE_DEBUG_INFO = NO;
				MTL_FAST_MATH = YES;
				SDKROOT = iphoneos;
				SWIFT_COMPILATION_MODE = wholemodule;
				SWIFT_OPTIMIZATION_LEVEL = "-O";
				VALIDATE_PRODUCT = YES;
			};
			name = Release;
		};
		58CA234D237F6CE400CA49A0 /* Debug */ = {
			isa = XCBuildConfiguration;
			baseConfigurationReference = DB34DFB9F2CA6E491E00158E /* Pods-Parstagram.debug.xcconfig */;
			buildSettings = {
				ASSETCATALOG_COMPILER_APPICON_NAME = AppIcon;
				CODE_SIGN_STYLE = Automatic;
				DEVELOPMENT_TEAM = CU54LZP3QM;
				INFOPLIST_FILE = Parstagram/Info.plist;
				LD_RUNPATH_SEARCH_PATHS = (
					"$(inherited)",
					"@executable_path/Frameworks",
				);
				PRODUCT_BUNDLE_IDENTIFIER = com.capi.Parstagram;
				PRODUCT_NAME = "$(TARGET_NAME)";
				SWIFT_VERSION = 5.0;
				TARGETED_DEVICE_FAMILY = "1,2";
			};
			name = Debug;
		};
		58CA234E237F6CE400CA49A0 /* Release */ = {
			isa = XCBuildConfiguration;
			baseConfigurationReference = E6D5632368D41783F70E9CA8 /* Pods-Parstagram.release.xcconfig */;
			buildSettings = {
				ASSETCATALOG_COMPILER_APPICON_NAME = AppIcon;
				CODE_SIGN_STYLE = Automatic;
				DEVELOPMENT_TEAM = CU54LZP3QM;
				INFOPLIST_FILE = Parstagram/Info.plist;
				LD_RUNPATH_SEARCH_PATHS = (
					"$(inherited)",
					"@executable_path/Frameworks",
				);
				PRODUCT_BUNDLE_IDENTIFIER = com.capi.Parstagram;
				PRODUCT_NAME = "$(TARGET_NAME)";
				SWIFT_VERSION = 5.0;
				TARGETED_DEVICE_FAMILY = "1,2";
			};
			name = Release;
		};
/* End XCBuildConfiguration section */

/* Begin XCConfigurationList section */
		58CA2333237F6CE300CA49A0 /* Build configuration list for PBXProject "Parstagram" */ = {
			isa = XCConfigurationList;
			buildConfigurations = (
				58CA234A237F6CE400CA49A0 /* Debug */,
				58CA234B237F6CE400CA49A0 /* Release */,
			);
			defaultConfigurationIsVisible = 0;
			defaultConfigurationName = Release;
		};
		58CA234C237F6CE400CA49A0 /* Build configuration list for PBXNativeTarget "Parstagram" */ = {
			isa = XCConfigurationList;
			buildConfigurations = (
				58CA234D237F6CE400CA49A0 /* Debug */,
				58CA234E237F6CE400CA49A0 /* Release */,
			);
			defaultConfigurationIsVisible = 0;
			defaultConfigurationName = Release;
		};
/* End XCConfigurationList section */
	};
	rootObject = 58CA2330237F6CE300CA49A0 /* Project object */;
}
